// !$*UTF8*$!
{
	archiveVersion = 1;
	classes = {
	};
	objectVersion = 56;
	objects = {

/* Begin PBXBuildFile section */
		751DC73B29000CE3001A1447 /* EditProfilePage.swift in Sources */ = {isa = PBXBuildFile; fileRef = 751DC73A29000CE3001A1447 /* EditProfilePage.swift */; };
		751DC73D29000E5E001A1447 /* Avator.swift in Sources */ = {isa = PBXBuildFile; fileRef = 751DC73C29000E5E001A1447 /* Avator.swift */; };
		751DC73F2900162F001A1447 /* StatusSelectorPage.swift in Sources */ = {isa = PBXBuildFile; fileRef = 751DC73E2900162F001A1447 /* StatusSelectorPage.swift */; };
		751DC74129001AF3001A1447 /* CategoryTitle.swift in Sources */ = {isa = PBXBuildFile; fileRef = 751DC74029001AF3001A1447 /* CategoryTitle.swift */; };
		7597E678290298B0003F5B41 /* ImagePicker.swift in Sources */ = {isa = PBXBuildFile; fileRef = 7597E677290298B0003F5B41 /* ImagePicker.swift */; };
		7597E67A2902A38D003F5B41 /* ConversationCell.swift in Sources */ = {isa = PBXBuildFile; fileRef = 7597E6792902A38D003F5B41 /* ConversationCell.swift */; };
		7597E67C2902A6CA003F5B41 /* NewMessagePage.swift in Sources */ = {isa = PBXBuildFile; fileRef = 7597E67B2902A6CA003F5B41 /* NewMessagePage.swift */; };
		7597E67E2902A6D9003F5B41 /* UserCell.swift in Sources */ = {isa = PBXBuildFile; fileRef = 7597E67D2902A6D9003F5B41 /* UserCell.swift */; };
		7597E6802902B0A8003F5B41 /* SearchBar.swift in Sources */ = {isa = PBXBuildFile; fileRef = 7597E67F2902B0A8003F5B41 /* SearchBar.swift */; };
		75985F7828F6BFE00047287A /* Extensions.swift in Sources */ = {isa = PBXBuildFile; fileRef = 75985F7728F6BFE00047287A /* Extensions.swift */; };
		759A0BE7290936B10065105C /* Constants.swift in Sources */ = {isa = PBXBuildFile; fileRef = 759A0BE6290936B10065105C /* Constants.swift */; };
		75AE3C952907E3C000B7AF0A /* User.swift in Sources */ = {isa = PBXBuildFile; fileRef = 75AE3C942907E3C000B7AF0A /* User.swift */; };
		75AE3C982907E7D200B7AF0A /* FirebaseAuth in Frameworks */ = {isa = PBXBuildFile; productRef = 75AE3C972907E7D200B7AF0A /* FirebaseAuth */; };
		75AE3C9A2907E7D200B7AF0A /* FirebaseFirestore in Frameworks */ = {isa = PBXBuildFile; productRef = 75AE3C992907E7D200B7AF0A /* FirebaseFirestore */; };
		75AE3C9C2907E7D200B7AF0A /* FirebaseFirestoreSwift in Frameworks */ = {isa = PBXBuildFile; productRef = 75AE3C9B2907E7D200B7AF0A /* FirebaseFirestoreSwift */; };
		75AE3C9E2907E7D200B7AF0A /* FirebaseFunctions in Frameworks */ = {isa = PBXBuildFile; productRef = 75AE3C9D2907E7D200B7AF0A /* FirebaseFunctions */; };
		75AE3CA02907E7D200B7AF0A /* FirebaseStorage in Frameworks */ = {isa = PBXBuildFile; productRef = 75AE3C9F2907E7D200B7AF0A /* FirebaseStorage */; };
		75AE3CA32907F60000B7AF0A /* Kingfisher in Frameworks */ = {isa = PBXBuildFile; productRef = 75AE3CA22907F60000B7AF0A /* Kingfisher */; };
		75AE3CA52907F71A00B7AF0A /* AvatorImage.swift in Sources */ = {isa = PBXBuildFile; fileRef = 75AE3CA42907F71A00B7AF0A /* AvatorImage.swift */; };
		75B0810D28FEB3350079A504 /* MainTabPage.swift in Sources */ = {isa = PBXBuildFile; fileRef = 75B0810C28FEB3350079A504 /* MainTabPage.swift */; };
		75B0811228FEB53F0079A504 /* ChannelsPage.swift in Sources */ = {isa = PBXBuildFile; fileRef = 75B0811128FEB53F0079A504 /* ChannelsPage.swift */; };
		75B0811428FEB5540079A504 /* SettingsPage.swift in Sources */ = {isa = PBXBuildFile; fileRef = 75B0811328FEB5540079A504 /* SettingsPage.swift */; };
		75B0811628FEB56F0079A504 /* ChatPage.swift in Sources */ = {isa = PBXBuildFile; fileRef = 75B0811528FEB56F0079A504 /* ChatPage.swift */; };
		75B0811928FEB59A0079A504 /* ConversationsPage.swift in Sources */ = {isa = PBXBuildFile; fileRef = 75B0811828FEB59A0079A504 /* ConversationsPage.swift */; };
		75B0811B28FEB7DC0079A504 /* MainTabViewModel.swift in Sources */ = {isa = PBXBuildFile; fileRef = 75B0811A28FEB7DC0079A504 /* MainTabViewModel.swift */; };
		75B0811D28FEC0E70079A504 /* SettingsHeader.swift in Sources */ = {isa = PBXBuildFile; fileRef = 75B0811C28FEC0E70079A504 /* SettingsHeader.swift */; };
		75B0811F28FEC7930079A504 /* SettingsCell.swift in Sources */ = {isa = PBXBuildFile; fileRef = 75B0811E28FEC7930079A504 /* SettingsCell.swift */; };
		75B0812128FEC9490079A504 /* SettingsViewModel.swift in Sources */ = {isa = PBXBuildFile; fileRef = 75B0812028FEC9490079A504 /* SettingsViewModel.swift */; };
		75B398042906BD08006F84FE /* GoogleService-Info.plist in Resources */ = {isa = PBXBuildFile; fileRef = 75B398032906BD08006F84FE /* GoogleService-Info.plist */; };
		75BFE9C028F6DE1900BB5A3A /* CustomTextField.swift in Sources */ = {isa = PBXBuildFile; fileRef = 75BFE9BF28F6DE1900BB5A3A /* CustomTextField.swift */; };
		75BFE9C328F6E23500BB5A3A /* LargeButton.swift in Sources */ = {isa = PBXBuildFile; fileRef = 75BFE9C228F6E23500BB5A3A /* LargeButton.swift */; };
		75D37195290363F800DBB4CE /* ChatBubble.swift in Sources */ = {isa = PBXBuildFile; fileRef = 75D37194290363F800DBB4CE /* ChatBubble.swift */; };
		75D37197290364FF00DBB4CE /* ChatMessage.swift in Sources */ = {isa = PBXBuildFile; fileRef = 75D37196290364FF00DBB4CE /* ChatMessage.swift */; };
		75D3719929036A5000DBB4CE /* MessageInput.swift in Sources */ = {isa = PBXBuildFile; fileRef = 75D3719829036A5000DBB4CE /* MessageInput.swift */; };
		75D3719B29036B8C00DBB4CE /* ChatViewModel.swift in Sources */ = {isa = PBXBuildFile; fileRef = 75D3719A29036B8C00DBB4CE /* ChatViewModel.swift */; };
		75D3719D29036EBC00DBB4CE /* Message.swift in Sources */ = {isa = PBXBuildFile; fileRef = 75D3719C29036EBC00DBB4CE /* Message.swift */; };
		75D371AA290392F300DBB4CE /* AuthViewModel.swift in Sources */ = {isa = PBXBuildFile; fileRef = 75D371A9290392F300DBB4CE /* AuthViewModel.swift */; };
		75D371AC2903B1E500DBB4CE /* ProfilePhotoSelectorPage.swift in Sources */ = {isa = PBXBuildFile; fileRef = 75D371AB2903B1E500DBB4CE /* ProfilePhotoSelectorPage.swift */; };
		75EE702E28F581E700246F35 /* ChatAppApp.swift in Sources */ = {isa = PBXBuildFile; fileRef = 75EE702D28F581E700246F35 /* ChatAppApp.swift */; };
		75EE703028F581E700246F35 /* ContentView.swift in Sources */ = {isa = PBXBuildFile; fileRef = 75EE702F28F581E700246F35 /* ContentView.swift */; };
		75EE703228F581E900246F35 /* Assets.xcassets in Resources */ = {isa = PBXBuildFile; fileRef = 75EE703128F581E900246F35 /* Assets.xcassets */; };
		75EE703528F581E900246F35 /* Preview Assets.xcassets in Resources */ = {isa = PBXBuildFile; fileRef = 75EE703428F581E900246F35 /* Preview Assets.xcassets */; };
		75EE704228F5830C00246F35 /* LoginPage.swift in Sources */ = {isa = PBXBuildFile; fileRef = 75EE704128F5830C00246F35 /* LoginPage.swift */; };
		75EE704428F5832400246F35 /* RegistrationPage.swift in Sources */ = {isa = PBXBuildFile; fileRef = 75EE704328F5832400246F35 /* RegistrationPage.swift */; };
		75EE704628F585B200246F35 /* Router.swift in Sources */ = {isa = PBXBuildFile; fileRef = 75EE704528F585B200246F35 /* Router.swift */; };
/* End PBXBuildFile section */

/* Begin PBXFileReference section */
		751DC73A29000CE3001A1447 /* EditProfilePage.swift */ = {isa = PBXFileReference; lastKnownFileType = sourcecode.swift; path = EditProfilePage.swift; sourceTree = "<group>"; };
		751DC73C29000E5E001A1447 /* Avator.swift */ = {isa = PBXFileReference; lastKnownFileType = sourcecode.swift; path = Avator.swift; sourceTree = "<group>"; };
		751DC73E2900162F001A1447 /* StatusSelectorPage.swift */ = {isa = PBXFileReference; lastKnownFileType = sourcecode.swift; path = StatusSelectorPage.swift; sourceTree = "<group>"; };
		751DC74029001AF3001A1447 /* CategoryTitle.swift */ = {isa = PBXFileReference; lastKnownFileType = sourcecode.swift; path = CategoryTitle.swift; sourceTree = "<group>"; };
		7597E677290298B0003F5B41 /* ImagePicker.swift */ = {isa = PBXFileReference; lastKnownFileType = sourcecode.swift; path = ImagePicker.swift; sourceTree = "<group>"; };
		7597E6792902A38D003F5B41 /* ConversationCell.swift */ = {isa = PBXFileReference; lastKnownFileType = sourcecode.swift; path = ConversationCell.swift; sourceTree = "<group>"; };
		7597E67B2902A6CA003F5B41 /* NewMessagePage.swift */ = {isa = PBXFileReference; lastKnownFileType = sourcecode.swift; path = NewMessagePage.swift; sourceTree = "<group>"; };
		7597E67D2902A6D9003F5B41 /* UserCell.swift */ = {isa = PBXFileReference; lastKnownFileType = sourcecode.swift; path = UserCell.swift; sourceTree = "<group>"; };
		7597E67F2902B0A8003F5B41 /* SearchBar.swift */ = {isa = PBXFileReference; lastKnownFileType = sourcecode.swift; path = SearchBar.swift; sourceTree = "<group>"; };
		75985F7728F6BFE00047287A /* Extensions.swift */ = {isa = PBXFileReference; lastKnownFileType = sourcecode.swift; path = Extensions.swift; sourceTree = "<group>"; };
		759A0BE6290936B10065105C /* Constants.swift */ = {isa = PBXFileReference; lastKnownFileType = sourcecode.swift; path = Constants.swift; sourceTree = "<group>"; };
		75AE3C942907E3C000B7AF0A /* User.swift */ = {isa = PBXFileReference; lastKnownFileType = sourcecode.swift; path = User.swift; sourceTree = "<group>"; };
		75AE3CA42907F71A00B7AF0A /* AvatorImage.swift */ = {isa = PBXFileReference; lastKnownFileType = sourcecode.swift; path = AvatorImage.swift; sourceTree = "<group>"; };
		75B0810C28FEB3350079A504 /* MainTabPage.swift */ = {isa = PBXFileReference; lastKnownFileType = sourcecode.swift; path = MainTabPage.swift; sourceTree = "<group>"; };
		75B0811128FEB53F0079A504 /* ChannelsPage.swift */ = {isa = PBXFileReference; lastKnownFileType = sourcecode.swift; path = ChannelsPage.swift; sourceTree = "<group>"; };
		75B0811328FEB5540079A504 /* SettingsPage.swift */ = {isa = PBXFileReference; lastKnownFileType = sourcecode.swift; path = SettingsPage.swift; sourceTree = "<group>"; };
		75B0811528FEB56F0079A504 /* ChatPage.swift */ = {isa = PBXFileReference; lastKnownFileType = sourcecode.swift; path = ChatPage.swift; sourceTree = "<group>"; };
		75B0811828FEB59A0079A504 /* ConversationsPage.swift */ = {isa = PBXFileReference; lastKnownFileType = sourcecode.swift; path = ConversationsPage.swift; sourceTree = "<group>"; };
		75B0811A28FEB7DC0079A504 /* MainTabViewModel.swift */ = {isa = PBXFileReference; lastKnownFileType = sourcecode.swift; path = MainTabViewModel.swift; sourceTree = "<group>"; };
		75B0811C28FEC0E70079A504 /* SettingsHeader.swift */ = {isa = PBXFileReference; lastKnownFileType = sourcecode.swift; path = SettingsHeader.swift; sourceTree = "<group>"; };
		75B0811E28FEC7930079A504 /* SettingsCell.swift */ = {isa = PBXFileReference; lastKnownFileType = sourcecode.swift; path = SettingsCell.swift; sourceTree = "<group>"; };
		75B0812028FEC9490079A504 /* SettingsViewModel.swift */ = {isa = PBXFileReference; lastKnownFileType = sourcecode.swift; path = SettingsViewModel.swift; sourceTree = "<group>"; };
		75B398032906BD08006F84FE /* GoogleService-Info.plist */ = {isa = PBXFileReference; fileEncoding = 4; lastKnownFileType = text.plist.xml; path = "GoogleService-Info.plist"; sourceTree = "<group>"; };
		75BFE9BF28F6DE1900BB5A3A /* CustomTextField.swift */ = {isa = PBXFileReference; lastKnownFileType = sourcecode.swift; path = CustomTextField.swift; sourceTree = "<group>"; };
		75BFE9C228F6E23500BB5A3A /* LargeButton.swift */ = {isa = PBXFileReference; lastKnownFileType = sourcecode.swift; path = LargeButton.swift; sourceTree = "<group>"; };
		75D37194290363F800DBB4CE /* ChatBubble.swift */ = {isa = PBXFileReference; lastKnownFileType = sourcecode.swift; path = ChatBubble.swift; sourceTree = "<group>"; };
		75D37196290364FF00DBB4CE /* ChatMessage.swift */ = {isa = PBXFileReference; lastKnownFileType = sourcecode.swift; path = ChatMessage.swift; sourceTree = "<group>"; };
		75D3719829036A5000DBB4CE /* MessageInput.swift */ = {isa = PBXFileReference; lastKnownFileType = sourcecode.swift; path = MessageInput.swift; sourceTree = "<group>"; };
		75D3719A29036B8C00DBB4CE /* ChatViewModel.swift */ = {isa = PBXFileReference; lastKnownFileType = sourcecode.swift; path = ChatViewModel.swift; sourceTree = "<group>"; };
		75D3719C29036EBC00DBB4CE /* Message.swift */ = {isa = PBXFileReference; lastKnownFileType = sourcecode.swift; path = Message.swift; sourceTree = "<group>"; };
		75D371A9290392F300DBB4CE /* AuthViewModel.swift */ = {isa = PBXFileReference; lastKnownFileType = sourcecode.swift; path = AuthViewModel.swift; sourceTree = "<group>"; };
		75D371AB2903B1E500DBB4CE /* ProfilePhotoSelectorPage.swift */ = {isa = PBXFileReference; lastKnownFileType = sourcecode.swift; path = ProfilePhotoSelectorPage.swift; sourceTree = "<group>"; };
		75EE702A28F581E700246F35 /* ChatApp.app */ = {isa = PBXFileReference; explicitFileType = wrapper.application; includeInIndex = 0; path = ChatApp.app; sourceTree = BUILT_PRODUCTS_DIR; };
		75EE702D28F581E700246F35 /* ChatAppApp.swift */ = {isa = PBXFileReference; lastKnownFileType = sourcecode.swift; path = ChatAppApp.swift; sourceTree = "<group>"; };
		75EE702F28F581E700246F35 /* ContentView.swift */ = {isa = PBXFileReference; lastKnownFileType = sourcecode.swift; path = ContentView.swift; sourceTree = "<group>"; };
		75EE703128F581E900246F35 /* Assets.xcassets */ = {isa = PBXFileReference; lastKnownFileType = folder.assetcatalog; path = Assets.xcassets; sourceTree = "<group>"; };
		75EE703428F581E900246F35 /* Preview Assets.xcassets */ = {isa = PBXFileReference; lastKnownFileType = folder.assetcatalog; path = "Preview Assets.xcassets"; sourceTree = "<group>"; };
		75EE704128F5830C00246F35 /* LoginPage.swift */ = {isa = PBXFileReference; lastKnownFileType = sourcecode.swift; path = LoginPage.swift; sourceTree = "<group>"; };
		75EE704328F5832400246F35 /* RegistrationPage.swift */ = {isa = PBXFileReference; lastKnownFileType = sourcecode.swift; path = RegistrationPage.swift; sourceTree = "<group>"; };
		75EE704528F585B200246F35 /* Router.swift */ = {isa = PBXFileReference; lastKnownFileType = sourcecode.swift; path = Router.swift; sourceTree = "<group>"; };
/* End PBXFileReference section */

/* Begin PBXFrameworksBuildPhase section */
		75EE702728F581E700246F35 /* Frameworks */ = {
			isa = PBXFrameworksBuildPhase;
			buildActionMask = 2147483647;
			files = (
				75AE3CA32907F60000B7AF0A /* Kingfisher in Frameworks */,
				75AE3C982907E7D200B7AF0A /* FirebaseAuth in Frameworks */,
				75AE3C9A2907E7D200B7AF0A /* FirebaseFirestore in Frameworks */,
				75AE3C9C2907E7D200B7AF0A /* FirebaseFirestoreSwift in Frameworks */,
				75AE3CA02907E7D200B7AF0A /* FirebaseStorage in Frameworks */,
				75AE3C9E2907E7D200B7AF0A /* FirebaseFunctions in Frameworks */,
			);
			runOnlyForDeploymentPostprocessing = 0;
		};
/* End PBXFrameworksBuildPhase section */

/* Begin PBXGroup section */
		75B0810B28FEB3250079A504 /* Main */ = {
			isa = PBXGroup;
			children = (
				75B0810C28FEB3350079A504 /* MainTabPage.swift */,
			);
			path = Main;
			sourceTree = "<group>";
		};
		75B0810E28FEB5210079A504 /* Channels */ = {
			isa = PBXGroup;
			children = (
				75B0811128FEB53F0079A504 /* ChannelsPage.swift */,
			);
			path = Channels;
			sourceTree = "<group>";
		};
		75B0810F28FEB5290079A504 /* Settings */ = {
			isa = PBXGroup;
			children = (
				75B0811328FEB5540079A504 /* SettingsPage.swift */,
				751DC73A29000CE3001A1447 /* EditProfilePage.swift */,
				751DC73E2900162F001A1447 /* StatusSelectorPage.swift */,
				75B0811E28FEC7930079A504 /* SettingsCell.swift */,
				75B0811C28FEC0E70079A504 /* SettingsHeader.swift */,
			);
			path = Settings;
			sourceTree = "<group>";
		};
		75B0811028FEB5300079A504 /* Chats */ = {
			isa = PBXGroup;
			children = (
				75B0811528FEB56F0079A504 /* ChatPage.swift */,
				75D37194290363F800DBB4CE /* ChatBubble.swift */,
				75D37196290364FF00DBB4CE /* ChatMessage.swift */,
				75D3719829036A5000DBB4CE /* MessageInput.swift */,
			);
			path = Chats;
			sourceTree = "<group>";
		};
		75B0811728FEB57D0079A504 /* Conversations */ = {
			isa = PBXGroup;
			children = (
				75B0811828FEB59A0079A504 /* ConversationsPage.swift */,
				7597E67B2902A6CA003F5B41 /* NewMessagePage.swift */,
				7597E6792902A38D003F5B41 /* ConversationCell.swift */,
				7597E67D2902A6D9003F5B41 /* UserCell.swift */,
			);
			path = Conversations;
			sourceTree = "<group>";
		};
		75BFE9C128F6E08200BB5A3A /* Component */ = {
			isa = PBXGroup;
			children = (
				75BFE9BF28F6DE1900BB5A3A /* CustomTextField.swift */,
				75BFE9C228F6E23500BB5A3A /* LargeButton.swift */,
				751DC73C29000E5E001A1447 /* Avator.swift */,
				751DC74029001AF3001A1447 /* CategoryTitle.swift */,
				7597E67F2902B0A8003F5B41 /* SearchBar.swift */,
				75AE3CA42907F71A00B7AF0A /* AvatorImage.swift */,
			);
			path = Component;
			sourceTree = "<group>";
		};
		75EE702128F581E700246F35 = {
			isa = PBXGroup;
			children = (
				75EE702C28F581E700246F35 /* ChatApp */,
				75EE702B28F581E700246F35 /* Products */,
			);
			sourceTree = "<group>";
		};
		75EE702B28F581E700246F35 /* Products */ = {
			isa = PBXGroup;
			children = (
				75EE702A28F581E700246F35 /* ChatApp.app */,
			);
			name = Products;
			sourceTree = "<group>";
		};
		75EE702C28F581E700246F35 /* ChatApp */ = {
			isa = PBXGroup;
			children = (
				75BFE9C128F6E08200BB5A3A /* Component */,
				75EE703F28F5829700246F35 /* Model */,
				75EE703E28F5829500246F35 /* View */,
				75EE703D28F5829100246F35 /* ViewModel */,
				75EE703C28F5828900246F35 /* API */,
				75EE703B28F5827D00246F35 /* Util */,
				75EE702D28F581E700246F35 /* ChatAppApp.swift */,
				75EE702F28F581E700246F35 /* ContentView.swift */,
				75B398032906BD08006F84FE /* GoogleService-Info.plist */,
				75EE703128F581E900246F35 /* Assets.xcassets */,
				75EE703328F581E900246F35 /* Preview Content */,
			);
			path = ChatApp;
			sourceTree = "<group>";
		};
		75EE703328F581E900246F35 /* Preview Content */ = {
			isa = PBXGroup;
			children = (
				75EE703428F581E900246F35 /* Preview Assets.xcassets */,
			);
			path = "Preview Content";
			sourceTree = "<group>";
		};
		75EE703B28F5827D00246F35 /* Util */ = {
			isa = PBXGroup;
			children = (
				75985F7728F6BFE00047287A /* Extensions.swift */,
				7597E677290298B0003F5B41 /* ImagePicker.swift */,
				759A0BE6290936B10065105C /* Constants.swift */,
			);
			path = Util;
			sourceTree = "<group>";
		};
		75EE703C28F5828900246F35 /* API */ = {
			isa = PBXGroup;
			children = (
			);
			path = API;
			sourceTree = "<group>";
		};
		75EE703D28F5829100246F35 /* ViewModel */ = {
			isa = PBXGroup;
			children = (
				75EE704528F585B200246F35 /* Router.swift */,
				75B0811A28FEB7DC0079A504 /* MainTabViewModel.swift */,
				75B0812028FEC9490079A504 /* SettingsViewModel.swift */,
				75D3719A29036B8C00DBB4CE /* ChatViewModel.swift */,
				75D371A9290392F300DBB4CE /* AuthViewModel.swift */,
			);
			path = ViewModel;
			sourceTree = "<group>";
		};
		75EE703E28F5829500246F35 /* View */ = {
			isa = PBXGroup;
			children = (
				75B0811728FEB57D0079A504 /* Conversations */,
				75B0811028FEB5300079A504 /* Chats */,
				75B0810F28FEB5290079A504 /* Settings */,
				75B0810E28FEB5210079A504 /* Channels */,
				75B0810B28FEB3250079A504 /* Main */,
				75EE704028F582F300246F35 /* Authorication */,
			);
			path = View;
			sourceTree = "<group>";
		};
		75EE703F28F5829700246F35 /* Model */ = {
			isa = PBXGroup;
			children = (
				75D3719C29036EBC00DBB4CE /* Message.swift */,
				75AE3C942907E3C000B7AF0A /* User.swift */,
			);
			path = Model;
			sourceTree = "<group>";
		};
		75EE704028F582F300246F35 /* Authorication */ = {
			isa = PBXGroup;
			children = (
				75EE704128F5830C00246F35 /* LoginPage.swift */,
				75EE704328F5832400246F35 /* RegistrationPage.swift */,
				75D371AB2903B1E500DBB4CE /* ProfilePhotoSelectorPage.swift */,
			);
			path = Authorication;
			sourceTree = "<group>";
		};
/* End PBXGroup section */

/* Begin PBXNativeTarget section */
		75EE702928F581E700246F35 /* ChatApp */ = {
			isa = PBXNativeTarget;
			buildConfigurationList = 75EE703828F581E900246F35 /* Build configuration list for PBXNativeTarget "ChatApp" */;
			buildPhases = (
				75EE702628F581E700246F35 /* Sources */,
				75EE702728F581E700246F35 /* Frameworks */,
				75EE702828F581E700246F35 /* Resources */,
			);
			buildRules = (
			);
			dependencies = (
			);
			name = ChatApp;
			packageProductDependencies = (
				75AE3C972907E7D200B7AF0A /* FirebaseAuth */,
				75AE3C992907E7D200B7AF0A /* FirebaseFirestore */,
				75AE3C9B2907E7D200B7AF0A /* FirebaseFirestoreSwift */,
				75AE3C9D2907E7D200B7AF0A /* FirebaseFunctions */,
				75AE3C9F2907E7D200B7AF0A /* FirebaseStorage */,
				75AE3CA22907F60000B7AF0A /* Kingfisher */,
			);
			productName = ChatApp;
			productReference = 75EE702A28F581E700246F35 /* ChatApp.app */;
			productType = "com.apple.product-type.application";
		};
/* End PBXNativeTarget section */

/* Begin PBXProject section */
		75EE702228F581E700246F35 /* Project object */ = {
			isa = PBXProject;
			attributes = {
				BuildIndependentTargetsInParallel = 1;
				LastSwiftUpdateCheck = 1400;
				LastUpgradeCheck = 1400;
				TargetAttributes = {
					75EE702928F581E700246F35 = {
						CreatedOnToolsVersion = 14.0.1;
					};
				};
			};
			buildConfigurationList = 75EE702528F581E700246F35 /* Build configuration list for PBXProject "ChatApp" */;
			compatibilityVersion = "Xcode 14.0";
			developmentRegion = en;
			hasScannedForEncodings = 0;
			knownRegions = (
				en,
				Base,
			);
			mainGroup = 75EE702128F581E700246F35;
			packageReferences = (
				75AE3C962907E7D200B7AF0A /* XCRemoteSwiftPackageReference "firebase-ios-sdk" */,
				75AE3CA12907F60000B7AF0A /* XCRemoteSwiftPackageReference "Kingfisher" */,
			);
			productRefGroup = 75EE702B28F581E700246F35 /* Products */;
			projectDirPath = "";
			projectRoot = "";
			targets = (
				75EE702928F581E700246F35 /* ChatApp */,
			);
		};
/* End PBXProject section */

/* Begin PBXResourcesBuildPhase section */
		75EE702828F581E700246F35 /* Resources */ = {
			isa = PBXResourcesBuildPhase;
			buildActionMask = 2147483647;
			files = (
				75EE703528F581E900246F35 /* Preview Assets.xcassets in Resources */,
				75EE703228F581E900246F35 /* Assets.xcassets in Resources */,
				75B398042906BD08006F84FE /* GoogleService-Info.plist in Resources */,
			);
			runOnlyForDeploymentPostprocessing = 0;
		};
/* End PBXResourcesBuildPhase section */

/* Begin PBXSourcesBuildPhase section */
		75EE702628F581E700246F35 /* Sources */ = {
			isa = PBXSourcesBuildPhase;
			buildActionMask = 2147483647;
			files = (
				75BFE9C028F6DE1900BB5A3A /* CustomTextField.swift in Sources */,
				75D371AC2903B1E500DBB4CE /* ProfilePhotoSelectorPage.swift in Sources */,
				75EE703028F581E700246F35 /* ContentView.swift in Sources */,
				75B0811628FEB56F0079A504 /* ChatPage.swift in Sources */,
				75985F7828F6BFE00047287A /* Extensions.swift in Sources */,
				751DC74129001AF3001A1447 /* CategoryTitle.swift in Sources */,
				75B0810D28FEB3350079A504 /* MainTabPage.swift in Sources */,
				751DC73D29000E5E001A1447 /* Avator.swift in Sources */,
				7597E678290298B0003F5B41 /* ImagePicker.swift in Sources */,
				75BFE9C328F6E23500BB5A3A /* LargeButton.swift in Sources */,
				75B0811428FEB5540079A504 /* SettingsPage.swift in Sources */,
				75EE704428F5832400246F35 /* RegistrationPage.swift in Sources */,
				7597E67C2902A6CA003F5B41 /* NewMessagePage.swift in Sources */,
				7597E67A2902A38D003F5B41 /* ConversationCell.swift in Sources */,
				7597E6802902B0A8003F5B41 /* SearchBar.swift in Sources */,
				7597E67E2902A6D9003F5B41 /* UserCell.swift in Sources */,
				75B0812128FEC9490079A504 /* SettingsViewModel.swift in Sources */,
				75D37195290363F800DBB4CE /* ChatBubble.swift in Sources */,
				75B0811228FEB53F0079A504 /* ChannelsPage.swift in Sources */,
				75B0811928FEB59A0079A504 /* ConversationsPage.swift in Sources */,
				75D371AA290392F300DBB4CE /* AuthViewModel.swift in Sources */,
				75EE704628F585B200246F35 /* Router.swift in Sources */,
				75D3719D29036EBC00DBB4CE /* Message.swift in Sources */,
				751DC73F2900162F001A1447 /* StatusSelectorPage.swift in Sources */,
				75AE3C952907E3C000B7AF0A /* User.swift in Sources */,
				75AE3CA52907F71A00B7AF0A /* AvatorImage.swift in Sources */,
				75D37197290364FF00DBB4CE /* ChatMessage.swift in Sources */,
				75EE704228F5830C00246F35 /* LoginPage.swift in Sources */,
				75D3719929036A5000DBB4CE /* MessageInput.swift in Sources */,
				75B0811D28FEC0E70079A504 /* SettingsHeader.swift in Sources */,
				751DC73B29000CE3001A1447 /* EditProfilePage.swift in Sources */,
				75B0811F28FEC7930079A504 /* SettingsCell.swift in Sources */,
				75EE702E28F581E700246F35 /* ChatAppApp.swift in Sources */,
				75D3719B29036B8C00DBB4CE /* ChatViewModel.swift in Sources */,
				75B0811B28FEB7DC0079A504 /* MainTabViewModel.swift in Sources */,
				759A0BE7290936B10065105C /* Constants.swift in Sources */,
			);
			runOnlyForDeploymentPostprocessing = 0;
		};
/* End PBXSourcesBuildPhase section */

/* Begin XCBuildConfiguration section */
		75EE703628F581E900246F35 /* Debug */ = {
			isa = XCBuildConfiguration;
			buildSettings = {
				ALWAYS_SEARCH_USER_PATHS = NO;
				CLANG_ANALYZER_NONNULL = YES;
				CLANG_ANALYZER_NUMBER_OBJECT_CONVERSION = YES_AGGRESSIVE;
				CLANG_CXX_LANGUAGE_STANDARD = "gnu++20";
				CLANG_ENABLE_MODULES = YES;
				CLANG_ENABLE_OBJC_ARC = YES;
				CLANG_ENABLE_OBJC_WEAK = YES;
				CLANG_WARN_BLOCK_CAPTURE_AUTORELEASING = YES;
				CLANG_WARN_BOOL_CONVERSION = YES;
				CLANG_WARN_COMMA = YES;
				CLANG_WARN_CONSTANT_CONVERSION = YES;
				CLANG_WARN_DEPRECATED_OBJC_IMPLEMENTATIONS = YES;
				CLANG_WARN_DIRECT_OBJC_ISA_USAGE = YES_ERROR;
				CLANG_WARN_DOCUMENTATION_COMMENTS = YES;
				CLANG_WARN_EMPTY_BODY = YES;
				CLANG_WARN_ENUM_CONVERSION = YES;
				CLANG_WARN_INFINITE_RECURSION = YES;
				CLANG_WARN_INT_CONVERSION = YES;
				CLANG_WARN_NON_LITERAL_NULL_CONVERSION = YES;
				CLANG_WARN_OBJC_IMPLICIT_RETAIN_SELF = YES;
				CLANG_WARN_OBJC_LITERAL_CONVERSION = YES;
				CLANG_WARN_OBJC_ROOT_CLASS = YES_ERROR;
				CLANG_WARN_QUOTED_INCLUDE_IN_FRAMEWORK_HEADER = YES;
				CLANG_WARN_RANGE_LOOP_ANALYSIS = YES;
				CLANG_WARN_STRICT_PROTOTYPES = YES;
				CLANG_WARN_SUSPICIOUS_MOVE = YES;
				CLANG_WARN_UNGUARDED_AVAILABILITY = YES_AGGRESSIVE;
				CLANG_WARN_UNREACHABLE_CODE = YES;
				CLANG_WARN__DUPLICATE_METHOD_MATCH = YES;
				COPY_PHASE_STRIP = NO;
				DEBUG_INFORMATION_FORMAT = dwarf;
				ENABLE_STRICT_OBJC_MSGSEND = YES;
				ENABLE_TESTABILITY = YES;
				GCC_C_LANGUAGE_STANDARD = gnu11;
				GCC_DYNAMIC_NO_PIC = NO;
				GCC_NO_COMMON_BLOCKS = YES;
				GCC_OPTIMIZATION_LEVEL = 0;
				GCC_PREPROCESSOR_DEFINITIONS = (
					"DEBUG=1",
					"$(inherited)",
				);
				GCC_WARN_64_TO_32_BIT_CONVERSION = YES;
				GCC_WARN_ABOUT_RETURN_TYPE = YES_ERROR;
				GCC_WARN_UNDECLARED_SELECTOR = YES;
				GCC_WARN_UNINITIALIZED_AUTOS = YES_AGGRESSIVE;
				GCC_WARN_UNUSED_FUNCTION = YES;
				GCC_WARN_UNUSED_VARIABLE = YES;
				IPHONEOS_DEPLOYMENT_TARGET = 16.0;
				MTL_ENABLE_DEBUG_INFO = INCLUDE_SOURCE;
				MTL_FAST_MATH = YES;
				ONLY_ACTIVE_ARCH = YES;
				SDKROOT = iphoneos;
				SWIFT_ACTIVE_COMPILATION_CONDITIONS = DEBUG;
				SWIFT_OPTIMIZATION_LEVEL = "-Onone";
			};
			name = Debug;
		};
		75EE703728F581E900246F35 /* Release */ = {
			isa = XCBuildConfiguration;
			buildSettings = {
				ALWAYS_SEARCH_USER_PATHS = NO;
				CLANG_ANALYZER_NONNULL = YES;
				CLANG_ANALYZER_NUMBER_OBJECT_CONVERSION = YES_AGGRESSIVE;
				CLANG_CXX_LANGUAGE_STANDARD = "gnu++20";
				CLANG_ENABLE_MODULES = YES;
				CLANG_ENABLE_OBJC_ARC = YES;
				CLANG_ENABLE_OBJC_WEAK = YES;
				CLANG_WARN_BLOCK_CAPTURE_AUTORELEASING = YES;
				CLANG_WARN_BOOL_CONVERSION = YES;
				CLANG_WARN_COMMA = YES;
				CLANG_WARN_CONSTANT_CONVERSION = YES;
				CLANG_WARN_DEPRECATED_OBJC_IMPLEMENTATIONS = YES;
				CLANG_WARN_DIRECT_OBJC_ISA_USAGE = YES_ERROR;
				CLANG_WARN_DOCUMENTATION_COMMENTS = YES;
				CLANG_WARN_EMPTY_BODY = YES;
				CLANG_WARN_ENUM_CONVERSION = YES;
				CLANG_WARN_INFINITE_RECURSION = YES;
				CLANG_WARN_INT_CONVERSION = YES;
				CLANG_WARN_NON_LITERAL_NULL_CONVERSION = YES;
				CLANG_WARN_OBJC_IMPLICIT_RETAIN_SELF = YES;
				CLANG_WARN_OBJC_LITERAL_CONVERSION = YES;
				CLANG_WARN_OBJC_ROOT_CLASS = YES_ERROR;
				CLANG_WARN_QUOTED_INCLUDE_IN_FRAMEWORK_HEADER = YES;
				CLANG_WARN_RANGE_LOOP_ANALYSIS = YES;
				CLANG_WARN_STRICT_PROTOTYPES = YES;
				CLANG_WARN_SUSPICIOUS_MOVE = YES;
				CLANG_WARN_UNGUARDED_AVAILABILITY = YES_AGGRESSIVE;
				CLANG_WARN_UNREACHABLE_CODE = YES;
				CLANG_WARN__DUPLICATE_METHOD_MATCH = YES;
				COPY_PHASE_STRIP = NO;
				DEBUG_INFORMATION_FORMAT = "dwarf-with-dsym";
				ENABLE_NS_ASSERTIONS = NO;
				ENABLE_STRICT_OBJC_MSGSEND = YES;
				GCC_C_LANGUAGE_STANDARD = gnu11;
				GCC_NO_COMMON_BLOCKS = YES;
				GCC_WARN_64_TO_32_BIT_CONVERSION = YES;
				GCC_WARN_ABOUT_RETURN_TYPE = YES_ERROR;
				GCC_WARN_UNDECLARED_SELECTOR = YES;
				GCC_WARN_UNINITIALIZED_AUTOS = YES_AGGRESSIVE;
				GCC_WARN_UNUSED_FUNCTION = YES;
				GCC_WARN_UNUSED_VARIABLE = YES;
				IPHONEOS_DEPLOYMENT_TARGET = 16.0;
				MTL_ENABLE_DEBUG_INFO = NO;
				MTL_FAST_MATH = YES;
				SDKROOT = iphoneos;
				SWIFT_COMPILATION_MODE = wholemodule;
				SWIFT_OPTIMIZATION_LEVEL = "-O";
				VALIDATE_PRODUCT = YES;
			};
			name = Release;
		};
		75EE703928F581E900246F35 /* Debug */ = {
			isa = XCBuildConfiguration;
			buildSettings = {
				ASSETCATALOG_COMPILER_APPICON_NAME = AppIcon;
				ASSETCATALOG_COMPILER_GLOBAL_ACCENT_COLOR_NAME = AccentColor;
				CODE_SIGN_STYLE = Automatic;
				CURRENT_PROJECT_VERSION = 1;
				DEVELOPMENT_ASSET_PATHS = "\"ChatApp/Preview Content\"";
				DEVELOPMENT_TEAM = K7496W34U6;
				ENABLE_PREVIEWS = YES;
				GENERATE_INFOPLIST_FILE = YES;
				INFOPLIST_KEY_UIApplicationSceneManifest_Generation = YES;
				INFOPLIST_KEY_UIApplicationSupportsIndirectInputEvents = YES;
				INFOPLIST_KEY_UILaunchScreen_Generation = YES;
				INFOPLIST_KEY_UISupportedInterfaceOrientations_iPad = "UIInterfaceOrientationPortrait UIInterfaceOrientationPortraitUpsideDown UIInterfaceOrientationLandscapeLeft UIInterfaceOrientationLandscapeRight";
				INFOPLIST_KEY_UISupportedInterfaceOrientations_iPhone = "UIInterfaceOrientationPortrait UIInterfaceOrientationLandscapeLeft UIInterfaceOrientationLandscapeRight";
				LD_RUNPATH_SEARCH_PATHS = (
					"$(inherited)",
					"@executable_path/Frameworks",
				);
				MARKETING_VERSION = 1.0;
				PRODUCT_BUNDLE_IDENTIFIER = com.hushukang.ChatApp;
				PRODUCT_NAME = "$(TARGET_NAME)";
				SWIFT_EMIT_LOC_STRINGS = YES;
				SWIFT_VERSION = 5.0;
				TARGETED_DEVICE_FAMILY = "1,2";
			};
			name = Debug;
		};
		75EE703A28F581E900246F35 /* Release */ = {
			isa = XCBuildConfiguration;
			buildSettings = {
				ASSETCATALOG_COMPILER_APPICON_NAME = AppIcon;
				ASSETCATALOG_COMPILER_GLOBAL_ACCENT_COLOR_NAME = AccentColor;
				CODE_SIGN_STYLE = Automatic;
				CURRENT_PROJECT_VERSION = 1;
				DEVELOPMENT_ASSET_PATHS = "\"ChatApp/Preview Content\"";
				DEVELOPMENT_TEAM = K7496W34U6;
				ENABLE_PREVIEWS = YES;
				GENERATE_INFOPLIST_FILE = YES;
				INFOPLIST_KEY_UIApplicationSceneManifest_Generation = YES;
				INFOPLIST_KEY_UIApplicationSupportsIndirectInputEvents = YES;
				INFOPLIST_KEY_UILaunchScreen_Generation = YES;
				INFOPLIST_KEY_UISupportedInterfaceOrientations_iPad = "UIInterfaceOrientationPortrait UIInterfaceOrientationPortraitUpsideDown UIInterfaceOrientationLandscapeLeft UIInterfaceOrientationLandscapeRight";
				INFOPLIST_KEY_UISupportedInterfaceOrientations_iPhone = "UIInterfaceOrientationPortrait UIInterfaceOrientationLandscapeLeft UIInterfaceOrientationLandscapeRight";
				LD_RUNPATH_SEARCH_PATHS = (
					"$(inherited)",
					"@executable_path/Frameworks",
				);
				MARKETING_VERSION = 1.0;
				PRODUCT_BUNDLE_IDENTIFIER = com.hushukang.ChatApp;
				PRODUCT_NAME = "$(TARGET_NAME)";
				SWIFT_EMIT_LOC_STRINGS = YES;
				SWIFT_VERSION = 5.0;
				TARGETED_DEVICE_FAMILY = "1,2";
			};
			name = Release;
		};
/* End XCBuildConfiguration section */

/* Begin XCConfigurationList section */
		75EE702528F581E700246F35 /* Build configuration list for PBXProject "ChatApp" */ = {
			isa = XCConfigurationList;
			buildConfigurations = (
				75EE703628F581E900246F35 /* Debug */,
				75EE703728F581E900246F35 /* Release */,
			);
			defaultConfigurationIsVisible = 0;
			defaultConfigurationName = Release;
		};
		75EE703828F581E900246F35 /* Build configuration list for PBXNativeTarget "ChatApp" */ = {
			isa = XCConfigurationList;
			buildConfigurations = (
				75EE703928F581E900246F35 /* Debug */,
				75EE703A28F581E900246F35 /* Release */,
			);
			defaultConfigurationIsVisible = 0;
			defaultConfigurationName = Release;
		};
/* End XCConfigurationList section */

/* Begin XCRemoteSwiftPackageReference section */
		75AE3C962907E7D200B7AF0A /* XCRemoteSwiftPackageReference "firebase-ios-sdk" */ = {
			isa = XCRemoteSwiftPackageReference;
			repositoryURL = "https://github.com/firebase/firebase-ios-sdk";
			requirement = {
				kind = upToNextMajorVersion;
				minimumVersion = 9.0.0;
			};
		};
		75AE3CA12907F60000B7AF0A /* XCRemoteSwiftPackageReference "Kingfisher" */ = {
			isa = XCRemoteSwiftPackageReference;
			repositoryURL = "https://github.com/onevcat/Kingfisher";
			requirement = {
				kind = upToNextMajorVersion;
				minimumVersion = 7.0.0;
			};
		};
/* End XCRemoteSwiftPackageReference section */

/* Begin XCSwiftPackageProductDependency section */
		75AE3C972907E7D200B7AF0A /* FirebaseAuth */ = {
			isa = XCSwiftPackageProductDependency;
			package = 75AE3C962907E7D200B7AF0A /* XCRemoteSwiftPackageReference "firebase-ios-sdk" */;
			productName = FirebaseAuth;
		};
		75AE3C992907E7D200B7AF0A /* FirebaseFirestore */ = {
			isa = XCSwiftPackageProductDependency;
			package = 75AE3C962907E7D200B7AF0A /* XCRemoteSwiftPackageReference "firebase-ios-sdk" */;
			productName = FirebaseFirestore;
		};
		75AE3C9B2907E7D200B7AF0A /* FirebaseFirestoreSwift */ = {
			isa = XCSwiftPackageProductDependency;
			package = 75AE3C962907E7D200B7AF0A /* XCRemoteSwiftPackageReference "firebase-ios-sdk" */;
			productName = FirebaseFirestoreSwift;
		};
		75AE3C9D2907E7D200B7AF0A /* FirebaseFunctions */ = {
			isa = XCSwiftPackageProductDependency;
			package = 75AE3C962907E7D200B7AF0A /* XCRemoteSwiftPackageReference "firebase-ios-sdk" */;
			productName = FirebaseFunctions;
		};
		75AE3C9F2907E7D200B7AF0A /* FirebaseStorage */ = {
			isa = XCSwiftPackageProductDependency;
			package = 75AE3C962907E7D200B7AF0A /* XCRemoteSwiftPackageReference "firebase-ios-sdk" */;
			productName = FirebaseStorage;
		};
		75AE3CA22907F60000B7AF0A /* Kingfisher */ = {
			isa = XCSwiftPackageProductDependency;
			package = 75AE3CA12907F60000B7AF0A /* XCRemoteSwiftPackageReference "Kingfisher" */;
			productName = Kingfisher;
		};
/* End XCSwiftPackageProductDependency section */
	};
	rootObject = 75EE702228F581E700246F35 /* Project object */;
}
